github.com/google/uuid v1.6.0 h1:NIvaJDMOsjHA8n1jAhLSgzrAzy1Hgr+hNrb57e+94F0=
github.com/google/uuid v1.6.0/go.mod h1:TIyPZe4MgqvfeYDBFedMoGGpEw/LqOeaOT+nhxU+yHo=
github.com/jepsen-io/maelstrom/demo/go v0.0.0-20250204203845-8263d1dd2b7a h1:Y4T2rLnDS94/hFCdQYxb97SJObNcMJk6M1lJg3qCGZQ=
github.com/jepsen-io/maelstrom/demo/go v0.0.0-20250204203845-8263d1dd2b7a/go.mod h1:i6aVIs5AIOOaQF1lAisBm7DDeWM1Iopf+26UxjagsCU=
